
Microsoft Visual Studio Solution File, Format Version 12.00
# Visual Studio 15
VisualStudioVersion = 15.0.26124.0
MinimumVisualStudioVersion = 15.0.26124.0
Project("{FAE04EC0-301F-11D3-BF4B-00C04F79EFBC}") = "Domain", "Domain\Domain.csproj", "{5ADF4B6E-844B-4D6E-8CE1-175414F04139}"
EndProject
Project("{FAE04EC0-301F-11D3-BF4B-00C04F79EFBC}") = "Application", "Application\Application.csproj", "{07644E86-C468-4326-9D6E-E845FA415691}"
EndProject
Project("{FAE04EC0-301F-11D3-BF4B-00C04F79EFBC}") = "Persistence", "Persistence\Persistence.csproj", "{09B66838-6A34-4947-98D7-5F45969048DD}"
EndProject
Project("{FAE04EC0-301F-11D3-BF4B-00C04F79EFBC}") = "API", "API\API.csproj", "{8E66FFF0-AA20-400E-BF82-821FA54B1B8E}"
EndProject
Global
	GlobalSection(SolutionConfigurationPlatforms) = preSolution
		Debug|Any CPU = Debug|Any CPU
		Debug|x64 = Debug|x64
		Debug|x86 = Debug|x86
		Release|Any CPU = Release|Any CPU
		Release|x64 = Release|x64
		Release|x86 = Release|x86
	EndGlobalSection
	GlobalSection(SolutionProperties) = preSolution
		HideSolutionNode = FALSE
	EndGlobalSection
	GlobalSection(ProjectConfigurationPlatforms) = postSolution
		{5ADF4B6E-844B-4D6E-8CE1-175414F04139}.Debug|Any CPU.ActiveCfg = Debug|Any CPU
		{5ADF4B6E-844B-4D6E-8CE1-175414F04139}.Debug|Any CPU.Build.0 = Debug|Any CPU
		{5ADF4B6E-844B-4D6E-8CE1-175414F04139}.Debug|x64.ActiveCfg = Debug|Any CPU
		{5ADF4B6E-844B-4D6E-8CE1-175414F04139}.Debug|x64.Build.0 = Debug|Any CPU
		{5ADF4B6E-844B-4D6E-8CE1-175414F04139}.Debug|x86.ActiveCfg = Debug|Any CPU
		{5ADF4B6E-844B-4D6E-8CE1-175414F04139}.Debug|x86.Build.0 = Debug|Any CPU
		{5ADF4B6E-844B-4D6E-8CE1-175414F04139}.Release|Any CPU.ActiveCfg = Release|Any CPU
		{5ADF4B6E-844B-4D6E-8CE1-175414F04139}.Release|Any CPU.Build.0 = Release|Any CPU
		{5ADF4B6E-844B-4D6E-8CE1-175414F04139}.Release|x64.ActiveCfg = Release|Any CPU
		{5ADF4B6E-844B-4D6E-8CE1-175414F04139}.Release|x64.Build.0 = Release|Any CPU
		{5ADF4B6E-844B-4D6E-8CE1-175414F04139}.Release|x86.ActiveCfg = Release|Any CPU
		{5ADF4B6E-844B-4D6E-8CE1-175414F04139}.Release|x86.Build.0 = Release|Any CPU
		{07644E86-C468-4326-9D6E-E845FA415691}.Debug|Any CPU.ActiveCfg = Debug|Any CPU
		{07644E86-C468-4326-9D6E-E845FA415691}.Debug|Any CPU.Build.0 = Debug|Any CPU
		{07644E86-C468-4326-9D6E-E845FA415691}.Debug|x64.ActiveCfg = Debug|Any CPU
		{07644E86-C468-4326-9D6E-E845FA415691}.Debug|x64.Build.0 = Debug|Any CPU
		{07644E86-C468-4326-9D6E-E845FA415691}.Debug|x86.ActiveCfg = Debug|Any CPU
		{07644E86-C468-4326-9D6E-E845FA415691}.Debug|x86.Build.0 = Debug|Any CPU
		{07644E86-C468-4326-9D6E-E845FA415691}.Release|Any CPU.ActiveCfg = Release|Any CPU
		{07644E86-C468-4326-9D6E-E845FA415691}.Release|Any CPU.Build.0 = Release|Any CPU
		{07644E86-C468-4326-9D6E-E845FA415691}.Release|x64.ActiveCfg = Release|Any CPU
		{07644E86-C468-4326-9D6E-E845FA415691}.Release|x64.Build.0 = Release|Any CPU
		{07644E86-C468-4326-9D6E-E845FA415691}.Release|x86.ActiveCfg = Release|Any CPU
		{07644E86-C468-4326-9D6E-E845FA415691}.Release|x86.Build.0 = Release|Any CPU
		{09B66838-6A34-4947-98D7-5F45969048DD}.Debug|Any CPU.ActiveCfg = Debug|Any CPU
		{09B66838-6A34-4947-98D7-5F45969048DD}.Debug|Any CPU.Build.0 = Debug|Any CPU
		{09B66838-6A34-4947-98D7-5F45969048DD}.Debug|x64.ActiveCfg = Debug|Any CPU
		{09B66838-6A34-4947-98D7-5F45969048DD}.Debug|x64.Build.0 = Debug|Any CPU
		{09B66838-6A34-4947-98D7-5F45969048DD}.Debug|x86.ActiveCfg = Debug|Any CPU
		{09B66838-6A34-4947-98D7-5F45969048DD}.Debug|x86.Build.0 = Debug|Any CPU
		{09B66838-6A34-4947-98D7-5F45969048DD}.Release|Any CPU.ActiveCfg = Release|Any CPU
		{09B66838-6A34-4947-98D7-5F45969048DD}.Release|Any CPU.Build.0 = Release|Any CPU
		{09B66838-6A34-4947-98D7-5F45969048DD}.Release|x64.ActiveCfg = Release|Any CPU
		{09B66838-6A34-4947-98D7-5F45969048DD}.Release|x64.Build.0 = Release|Any CPU
		{09B66838-6A34-4947-98D7-5F45969048DD}.Release|x86.ActiveCfg = Release|Any CPU
		{09B66838-6A34-4947-98D7-5F45969048DD}.Release|x86.Build.0 = Release|Any CPU
		{8E66FFF0-AA20-400E-BF82-821FA54B1B8E}.Debug|Any CPU.ActiveCfg = Debug|Any CPU
		{8E66FFF0-AA20-400E-BF82-821FA54B1B8E}.Debug|Any CPU.Build.0 = Debug|Any CPU
		{8E66FFF0-AA20-400E-BF82-821FA54B1B8E}.Debug|x64.ActiveCfg = Debug|Any CPU
		{8E66FFF0-AA20-400E-BF82-821FA54B1B8E}.Debug|x64.Build.0 = Debug|Any CPU
		{8E66FFF0-AA20-400E-BF82-821FA54B1B8E}.Debug|x86.ActiveCfg = Debug|Any CPU
		{8E66FFF0-AA20-400E-BF82-821FA54B1B8E}.Debug|x86.Build.0 = Debug|Any CPU
		{8E66FFF0-AA20-400E-BF82-821FA54B1B8E}.Release|Any CPU.ActiveCfg = Release|Any CPU
		{8E66FFF0-AA20-400E-BF82-821FA54B1B8E}.Release|Any CPU.Build.0 = Release|Any CPU
		{8E66FFF0-AA20-400E-BF82-821FA54B1B8E}.Release|x64.ActiveCfg = Release|Any CPU
		{8E66FFF0-AA20-400E-BF82-821FA54B1B8E}.Release|x64.Build.0 = Release|Any CPU
		{8E66FFF0-AA20-400E-BF82-821FA54B1B8E}.Release|x86.ActiveCfg = Release|Any CPU
		{8E66FFF0-AA20-400E-BF82-821FA54B1B8E}.Release|x86.Build.0 = Release|Any CPU
	EndGlobalSection
EndGlobal
